
Microsoft Visual Studio Solution File, Format Version 12.00
# Visual Studio Version 17
VisualStudioVersion = 17.8.34330.188
MinimumVisualStudioVersion = 10.0.40219.1
Project("{FAE04EC0-301F-11D3-BF4B-00C04F79EFBC}") = "MIND_MAZE[New]", "MIND_MAZE\MIND_MAZE[New].csproj", "{EE77B1B4-8D8A-42B8-A415-476202650054}"
EndProject
Global
	GlobalSection(SolutionConfigurationPlatforms) = preSolution
		Debug|Any CPU = Debug|Any CPU
		Release|Any CPU = Release|Any CPU
	EndGlobalSection
	GlobalSection(ProjectConfigurationPlatforms) = postSolution
		{EE77B1B4-8D8A-42B8-A415-476202650054}.Debug|Any CPU.ActiveCfg = Debug|Any CPU
		{EE77B1B4-8D8A-42B8-A415-476202650054}.Debug|Any CPU.Build.0 = Debug|Any CPU
		{EE77B1B4-8D8A-42B8-A415-476202650054}.Release|Any CPU.ActiveCfg = Release|Any CPU
		{EE77B1B4-8D8A-42B8-A415-476202650054}.Release|Any CPU.Build.0 = Release|Any CPU
	EndGlobalSection
	GlobalSection(SolutionProperties) = preSolution
		HideSolutionNode = FALSE
	EndGlobalSection
	GlobalSection(ExtensibilityGlobals) = postSolution
		SolutionGuid = {6C4986E1-CFDA-4B70-A52A-71594BB7894F}
	EndGlobalSection
EndGlobal
